
Microsoft Visual Studio Solution File, Format Version 12.00
# Visual Studio 2012
Project("{FAE04EC0-301F-11D3-BF4B-00C04F79EFBC}") = "NBerzerk", "NBerzerk\NBerzerk.csproj", "{1949D942-9252-4E49-B7EF-30FDB61BF419}"
EndProject
Project("{2150E333-8FDC-42A3-9474-1A3956D46DE8}") = ".nuget", ".nuget", "{5BC74B7D-D85C-407B-9CF9-26E99A92CE57}"
	ProjectSection(SolutionItems) = preProject
		.nuget\NuGet.Config = .nuget\NuGet.Config
		.nuget\NuGet.exe = .nuget\NuGet.exe
		.nuget\NuGet.targets = .nuget\NuGet.targets
	EndProjectSection
EndProject
Global
	GlobalSection(SolutionConfigurationPlatforms) = preSolution
		Debug|Any CPU = Debug|Any CPU
		Release|Any CPU = Release|Any CPU
	EndGlobalSection
	GlobalSection(ProjectConfigurationPlatforms) = postSolution
		{1949D942-9252-4E49-B7EF-30FDB61BF419}.Debug|Any CPU.ActiveCfg = Debug|Any CPU
		{1949D942-9252-4E49-B7EF-30FDB61BF419}.Debug|Any CPU.Build.0 = Debug|Any CPU
		{1949D942-9252-4E49-B7EF-30FDB61BF419}.Release|Any CPU.ActiveCfg = Release|Any CPU
		{1949D942-9252-4E49-B7EF-30FDB61BF419}.Release|Any CPU.Build.0 = Release|Any CPU
	EndGlobalSection
	GlobalSection(SolutionProperties) = preSolution
		HideSolutionNode = FALSE
	EndGlobalSection
EndGlobal
